// !$*UTF8*$!
{
	archiveVersion = 1;
	classes = {
	};
	objectVersion = 46;
	objects = {

/* Begin PBXBuildFile section */
		1D91BE0C1BC95B7400D5FD79 /* AppDelegate.swift in Sources */ = {isa = PBXBuildFile; fileRef = 1D91BE0B1BC95B7400D5FD79 /* AppDelegate.swift */; };
		1D91BE0E1BC95B7400D5FD79 /* ViewController.swift in Sources */ = {isa = PBXBuildFile; fileRef = 1D91BE0D1BC95B7400D5FD79 /* ViewController.swift */; };
		1D91BE111BC95B7400D5FD79 /* Main.storyboard in Resources */ = {isa = PBXBuildFile; fileRef = 1D91BE0F1BC95B7400D5FD79 /* Main.storyboard */; };
		1D91BE131BC95B7400D5FD79 /* Assets.xcassets in Resources */ = {isa = PBXBuildFile; fileRef = 1D91BE121BC95B7400D5FD79 /* Assets.xcassets */; };
		1D91BE161BC95B7400D5FD79 /* LaunchScreen.storyboard in Resources */ = {isa = PBXBuildFile; fileRef = 1D91BE141BC95B7400D5FD79 /* LaunchScreen.storyboard */; };
		1DB1E37C1C371FFB009D314E /* String+Additions.swift in Sources */ = {isa = PBXBuildFile; fileRef = 1DB1E37B1C371FFB009D314E /* String+Additions.swift */; };
		1DB1E37E1C372028009D314E /* TimeView.swift in Sources */ = {isa = PBXBuildFile; fileRef = 1DB1E37D1C372028009D314E /* TimeView.swift */; };
		1DB1E3841C37203E009D314E /* CGPoint+Additions.swift in Sources */ = {isa = PBXBuildFile; fileRef = 1DB1E37F1C37203E009D314E /* CGPoint+Additions.swift */; };
		1DB1E3851C37203E009D314E /* CGRect+Additions.swift in Sources */ = {isa = PBXBuildFile; fileRef = 1DB1E3801C37203E009D314E /* CGRect+Additions.swift */; };
		1DB1E3861C37203E009D314E /* CGSize+Additions.swift in Sources */ = {isa = PBXBuildFile; fileRef = 1DB1E3811C37203E009D314E /* CGSize+Additions.swift */; };
		1DB1E3871C37203E009D314E /* ExactLabel.swift in Sources */ = {isa = PBXBuildFile; fileRef = 1DB1E3821C37203E009D314E /* ExactLabel.swift */; };
		1DB1E3881C37203E009D314E /* InsetLabel.swift in Sources */ = {isa = PBXBuildFile; fileRef = 1DB1E3831C37203E009D314E /* InsetLabel.swift */; };
		1DB1E38B1C37204C009D314E /* UILabel+Additions.swift in Sources */ = {isa = PBXBuildFile; fileRef = 1DB1E3891C37204C009D314E /* UILabel+Additions.swift */; };
		1DB1E38C1C37204C009D314E /* UIView+Additions.swift in Sources */ = {isa = PBXBuildFile; fileRef = 1DB1E38A1C37204C009D314E /* UIView+Additions.swift */; };
		1DCBDBD11BCAB3870096646A /* CoreGraphics.framework in Frameworks */ = {isa = PBXBuildFile; fileRef = 1DCBDBD01BCAB3870096646A /* CoreGraphics.framework */; };
/* End PBXBuildFile section */

/* Begin PBXFileReference section */
		1D91BE081BC95B7300D5FD79 /* TimeViewDemo.app */ = {isa = PBXFileReference; explicitFileType = wrapper.application; includeInIndex = 0; path = TimeViewDemo.app; sourceTree = BUILT_PRODUCTS_DIR; };
		1D91BE0B1BC95B7400D5FD79 /* AppDelegate.swift */ = {isa = PBXFileReference; lastKnownFileType = sourcecode.swift; path = AppDelegate.swift; sourceTree = "<group>"; };
		1D91BE0D1BC95B7400D5FD79 /* ViewController.swift */ = {isa = PBXFileReference; lastKnownFileType = sourcecode.swift; path = ViewController.swift; sourceTree = "<group>"; };
		1D91BE101BC95B7400D5FD79 /* Base */ = {isa = PBXFileReference; lastKnownFileType = file.storyboard; name = Base; path = Base.lproj/Main.storyboard; sourceTree = "<group>"; };
		1D91BE121BC95B7400D5FD79 /* Assets.xcassets */ = {isa = PBXFileReference; lastKnownFileType = folder.assetcatalog; path = Assets.xcassets; sourceTree = "<group>"; };
		1D91BE151BC95B7400D5FD79 /* Base */ = {isa = PBXFileReference; lastKnownFileType = file.storyboard; name = Base; path = Base.lproj/LaunchScreen.storyboard; sourceTree = "<group>"; };
		1D91BE171BC95B7400D5FD79 /* Info.plist */ = {isa = PBXFileReference; lastKnownFileType = text.plist.xml; path = Info.plist; sourceTree = "<group>"; };
		1DB1E37B1C371FFB009D314E /* String+Additions.swift */ = {isa = PBXFileReference; fileEncoding = 4; lastKnownFileType = sourcecode.swift; name = "String+Additions.swift"; path = "../../String+Additions.swift"; sourceTree = "<group>"; };
		1DB1E37D1C372028009D314E /* TimeView.swift */ = {isa = PBXFileReference; fileEncoding = 4; lastKnownFileType = sourcecode.swift; name = TimeView.swift; path = ../../TimeView.swift; sourceTree = "<group>"; };
		1DB1E37F1C37203E009D314E /* CGPoint+Additions.swift */ = {isa = PBXFileReference; fileEncoding = 4; lastKnownFileType = sourcecode.swift; name = "CGPoint+Additions.swift"; path = "../../CGPoint+Additions.swift"; sourceTree = "<group>"; };
		1DB1E3801C37203E009D314E /* CGRect+Additions.swift */ = {isa = PBXFileReference; fileEncoding = 4; lastKnownFileType = sourcecode.swift; name = "CGRect+Additions.swift"; path = "../../CGRect+Additions.swift"; sourceTree = "<group>"; };
		1DB1E3811C37203E009D314E /* CGSize+Additions.swift */ = {isa = PBXFileReference; fileEncoding = 4; lastKnownFileType = sourcecode.swift; name = "CGSize+Additions.swift"; path = "../../CGSize+Additions.swift"; sourceTree = "<group>"; };
		1DB1E3821C37203E009D314E /* ExactLabel.swift */ = {isa = PBXFileReference; fileEncoding = 4; lastKnownFileType = sourcecode.swift; name = ExactLabel.swift; path = ../../ExactLabel.swift; sourceTree = "<group>"; };
		1DB1E3831C37203E009D314E /* InsetLabel.swift */ = {isa = PBXFileReference; fileEncoding = 4; lastKnownFileType = sourcecode.swift; name = InsetLabel.swift; path = ../../InsetLabel.swift; sourceTree = "<group>"; };
		1DB1E3891C37204C009D314E /* UILabel+Additions.swift */ = {isa = PBXFileReference; fileEncoding = 4; lastKnownFileType = sourcecode.swift; name = "UILabel+Additions.swift"; path = "../../UILabel+Additions.swift"; sourceTree = "<group>"; };
		1DB1E38A1C37204C009D314E /* UIView+Additions.swift */ = {isa = PBXFileReference; fileEncoding = 4; lastKnownFileType = sourcecode.swift; name = "UIView+Additions.swift"; path = "../../UIView+Additions.swift"; sourceTree = "<group>"; };
		1DCBDBD01BCAB3870096646A /* CoreGraphics.framework */ = {isa = PBXFileReference; lastKnownFileType = wrapper.framework; name = CoreGraphics.framework; path = System/Library/Frameworks/CoreGraphics.framework; sourceTree = SDKROOT; };
/* End PBXFileReference section */

/* Begin PBXFrameworksBuildPhase section */
		1D91BE051BC95B7300D5FD79 /* Frameworks */ = {
			isa = PBXFrameworksBuildPhase;
			buildActionMask = 2147483647;
			files = (
				1DCBDBD11BCAB3870096646A /* CoreGraphics.framework in Frameworks */,
			);
			runOnlyForDeploymentPostprocessing = 0;
		};
/* End PBXFrameworksBuildPhase section */

/* Begin PBXGroup section */
		1D91BDFF1BC95B7300D5FD79 = {
			isa = PBXGroup;
			children = (
				1DCBDBD01BCAB3870096646A /* CoreGraphics.framework */,
				1D91BE0A1BC95B7300D5FD79 /* TestTimeViewAlignment */,
				1D91BE091BC95B7300D5FD79 /* Products */,
			);
			sourceTree = "<group>";
		};
		1D91BE091BC95B7300D5FD79 /* Products */ = {
			isa = PBXGroup;
			children = (
				1D91BE081BC95B7300D5FD79 /* TimeViewDemo.app */,
			);
			name = Products;
			sourceTree = "<group>";
		};
		1D91BE0A1BC95B7300D5FD79 /* TestTimeViewAlignment */ = {
			isa = PBXGroup;
			children = (
				1DB1E3891C37204C009D314E /* UILabel+Additions.swift */,
				1DB1E38A1C37204C009D314E /* UIView+Additions.swift */,
				1DB1E37F1C37203E009D314E /* CGPoint+Additions.swift */,
				1DB1E3801C37203E009D314E /* CGRect+Additions.swift */,
				1DB1E3811C37203E009D314E /* CGSize+Additions.swift */,
				1DB1E3821C37203E009D314E /* ExactLabel.swift */,
				1DB1E3831C37203E009D314E /* InsetLabel.swift */,
				1DB1E37D1C372028009D314E /* TimeView.swift */,
				1DB1E37B1C371FFB009D314E /* String+Additions.swift */,
				1D91BE0B1BC95B7400D5FD79 /* AppDelegate.swift */,
				1D91BE0D1BC95B7400D5FD79 /* ViewController.swift */,
				1D91BE0F1BC95B7400D5FD79 /* Main.storyboard */,
				1D91BE121BC95B7400D5FD79 /* Assets.xcassets */,
				1D91BE141BC95B7400D5FD79 /* LaunchScreen.storyboard */,
				1D91BE171BC95B7400D5FD79 /* Info.plist */,
			);
			path = TestTimeViewAlignment;
			sourceTree = "<group>";
		};
/* End PBXGroup section */

/* Begin PBXNativeTarget section */
		1D91BE071BC95B7300D5FD79 /* TimeViewDemo */ = {
			isa = PBXNativeTarget;
			buildConfigurationList = 1D91BE1A1BC95B7400D5FD79 /* Build configuration list for PBXNativeTarget "TimeViewDemo" */;
			buildPhases = (
				1D91BE041BC95B7300D5FD79 /* Sources */,
				1D91BE051BC95B7300D5FD79 /* Frameworks */,
				1D91BE061BC95B7300D5FD79 /* Resources */,
			);
			buildRules = (
			);
			dependencies = (
			);
			name = TimeViewDemo;
			productName = TestTimeViewAlignment;
			productReference = 1D91BE081BC95B7300D5FD79 /* TimeViewDemo.app */;
			productType = "com.apple.product-type.application";
		};
/* End PBXNativeTarget section */

/* Begin PBXProject section */
		1D91BE001BC95B7300D5FD79 /* Project object */ = {
			isa = PBXProject;
			attributes = {
				LastSwiftUpdateCheck = 0710;
				LastUpgradeCheck = 0700;
				ORGANIZATIONNAME = "Richard Clark";
				TargetAttributes = {
					1D91BE071BC95B7300D5FD79 = {
						CreatedOnToolsVersion = 7.0.1;
					};
				};
			};
			buildConfigurationList = 1D91BE031BC95B7300D5FD79 /* Build configuration list for PBXProject "TimeViewDemo" */;
			compatibilityVersion = "Xcode 3.2";
			developmentRegion = English;
			hasScannedForEncodings = 0;
			knownRegions = (
				en,
				Base,
			);
			mainGroup = 1D91BDFF1BC95B7300D5FD79;
			productRefGroup = 1D91BE091BC95B7300D5FD79 /* Products */;
			projectDirPath = "";
			projectRoot = "";
			targets = (
				1D91BE071BC95B7300D5FD79 /* TimeViewDemo */,
			);
		};
/* End PBXProject section */

/* Begin PBXResourcesBuildPhase section */
		1D91BE061BC95B7300D5FD79 /* Resources */ = {
			isa = PBXResourcesBuildPhase;
			buildActionMask = 2147483647;
			files = (
				1D91BE161BC95B7400D5FD79 /* LaunchScreen.storyboard in Resources */,
				1D91BE131BC95B7400D5FD79 /* Assets.xcassets in Resources */,
				1D91BE111BC95B7400D5FD79 /* Main.storyboard in Resources */,
			);
			runOnlyForDeploymentPostprocessing = 0;
		};
/* End PBXResourcesBuildPhase section */

/* Begin PBXSourcesBuildPhase section */
		1D91BE041BC95B7300D5FD79 /* Sources */ = {
			isa = PBXSourcesBuildPhase;
			buildActionMask = 2147483647;
			files = (
				1DB1E3871C37203E009D314E /* ExactLabel.swift in Sources */,
				1DB1E3881C37203E009D314E /* InsetLabel.swift in Sources */,
				1DB1E3841C37203E009D314E /* CGPoint+Additions.swift in Sources */,
				1D91BE0E1BC95B7400D5FD79 /* ViewController.swift in Sources */,
				1DB1E38C1C37204C009D314E /* UIView+Additions.swift in Sources */,
				1DB1E38B1C37204C009D314E /* UILabel+Additions.swift in Sources */,
				1D91BE0C1BC95B7400D5FD79 /* AppDelegate.swift in Sources */,
				1DB1E3861C37203E009D314E /* CGSize+Additions.swift in Sources */,
				1DB1E3851C37203E009D314E /* CGRect+Additions.swift in Sources */,
				1DB1E37C1C371FFB009D314E /* String+Additions.swift in Sources */,
				1DB1E37E1C372028009D314E /* TimeView.swift in Sources */,
			);
			runOnlyForDeploymentPostprocessing = 0;
		};
/* End PBXSourcesBuildPhase section */

/* Begin PBXVariantGroup section */
		1D91BE0F1BC95B7400D5FD79 /* Main.storyboard */ = {
			isa = PBXVariantGroup;
			children = (
				1D91BE101BC95B7400D5FD79 /* Base */,
			);
			name = Main.storyboard;
			sourceTree = "<group>";
		};
		1D91BE141BC95B7400D5FD79 /* LaunchScreen.storyboard */ = {
			isa = PBXVariantGroup;
			children = (
				1D91BE151BC95B7400D5FD79 /* Base */,
			);
			name = LaunchScreen.storyboard;
			sourceTree = "<group>";
		};
/* End PBXVariantGroup section */

/* Begin XCBuildConfiguration section */
		1D91BE181BC95B7400D5FD79 /* Debug */ = {
			isa = XCBuildConfiguration;
			buildSettings = {
				ALWAYS_SEARCH_USER_PATHS = NO;
				CLANG_CXX_LANGUAGE_STANDARD = "gnu++0x";
				CLANG_CXX_LIBRARY = "libc++";
				CLANG_ENABLE_MODULES = YES;
				CLANG_ENABLE_OBJC_ARC = YES;
				CLANG_WARN_BOOL_CONVERSION = YES;
				CLANG_WARN_CONSTANT_CONVERSION = YES;
				CLANG_WARN_DIRECT_OBJC_ISA_USAGE = YES_ERROR;
				CLANG_WARN_EMPTY_BODY = YES;
				CLANG_WARN_ENUM_CONVERSION = YES;
				CLANG_WARN_INT_CONVERSION = YES;
				CLANG_WARN_OBJC_ROOT_CLASS = YES_ERROR;
				CLANG_WARN_UNREACHABLE_CODE = YES;
				CLANG_WARN__DUPLICATE_METHOD_MATCH = YES;
				"CODE_SIGN_IDENTITY[sdk=iphoneos*]" = "iPhone Developer";
				COPY_PHASE_STRIP = NO;
				DEBUG_INFORMATION_FORMAT = dwarf;
				ENABLE_STRICT_OBJC_MSGSEND = YES;
				ENABLE_TESTABILITY = YES;
				GCC_C_LANGUAGE_STANDARD = gnu99;
				GCC_DYNAMIC_NO_PIC = NO;
				GCC_NO_COMMON_BLOCKS = YES;
				GCC_OPTIMIZATION_LEVEL = 0;
				GCC_PREPROCESSOR_DEFINITIONS = (
					"DEBUG=1",
					"$(inherited)",
				);
				GCC_WARN_64_TO_32_BIT_CONVERSION = YES;
				GCC_WARN_ABOUT_RETURN_TYPE = YES_ERROR;
				GCC_WARN_UNDECLARED_SELECTOR = YES;
				GCC_WARN_UNINITIALIZED_AUTOS = YES_AGGRESSIVE;
				GCC_WARN_UNUSED_FUNCTION = YES;
				GCC_WARN_UNUSED_VARIABLE = YES;
				IPHONEOS_DEPLOYMENT_TARGET = 9.0;
				MTL_ENABLE_DEBUG_INFO = YES;
				ONLY_ACTIVE_ARCH = YES;
				SDKROOT = iphoneos;
				SWIFT_OPTIMIZATION_LEVEL = "-Onone";
				TARGETED_DEVICE_FAMILY = "1,2";
			};
			name = Debug;
		};
		1D91BE191BC95B7400D5FD79 /* Release */ = {
			isa = XCBuildConfiguration;
			buildSettings = {
				ALWAYS_SEARCH_USER_PATHS = NO;
				CLANG_CXX_LANGUAGE_STANDARD = "gnu++0x";
				CLANG_CXX_LIBRARY = "libc++";
				CLANG_ENABLE_MODULES = YES;
				CLANG_ENABLE_OBJC_ARC = YES;
				CLANG_WARN_BOOL_CONVERSION = YES;
				CLANG_WARN_CONSTANT_CONVERSION = YES;
				CLANG_WARN_DIRECT_OBJC_ISA_USAGE = YES_ERROR;
				CLANG_WARN_EMPTY_BODY = YES;
				CLANG_WARN_ENUM_CONVERSION = YES;
				CLANG_WARN_INT_CONVERSION = YES;
				CLANG_WARN_OBJC_ROOT_CLASS = YES_ERROR;
				CLANG_WARN_UNREACHABLE_CODE = YES;
				CLANG_WARN__DUPLICATE_METHOD_MATCH = YES;
				"CODE_SIGN_IDENTITY[sdk=iphoneos*]" = "iPhone Developer";
				COPY_PHASE_STRIP = NO;
				DEBUG_INFORMATION_FORMAT = "dwarf-with-dsym";
				ENABLE_NS_ASSERTIONS = NO;
				ENABLE_STRICT_OBJC_MSGSEND = YES;
				GCC_C_LANGUAGE_STANDARD = gnu99;
				GCC_NO_COMMON_BLOCKS = YES;
				GCC_WARN_64_TO_32_BIT_CONVERSION = YES;
				GCC_WARN_ABOUT_RETURN_TYPE = YES_ERROR;
				GCC_WARN_UNDECLARED_SELECTOR = YES;
				GCC_WARN_UNINITIALIZED_AUTOS = YES_AGGRESSIVE;
				GCC_WARN_UNUSED_FUNCTION = YES;
				GCC_WARN_UNUSED_VARIABLE = YES;
				IPHONEOS_DEPLOYMENT_TARGET = 9.0;
				MTL_ENABLE_DEBUG_INFO = NO;
				SDKROOT = iphoneos;
				TARGETED_DEVICE_FAMILY = "1,2";
				VALIDATE_PRODUCT = YES;
			};
			name = Release;
		};
		1D91BE1B1BC95B7400D5FD79 /* Debug */ = {
			isa = XCBuildConfiguration;
			buildSettings = {
				ASSETCATALOG_COMPILER_APPICON_NAME = AppIcon;
				CLANG_ENABLE_MODULES = YES;
				INFOPLIST_FILE = TestTimeViewAlignment/Info.plist;
				LD_RUNPATH_SEARCH_PATHS = "$(inherited) @executable_path/Frameworks";
				PRODUCT_BUNDLE_IDENTIFIER = Scipio.TimeViewDemo;
				PRODUCT_NAME = "$(TARGET_NAME)";
				SWIFT_OBJC_BRIDGING_HEADER = "TestTimeViewAlignment-Bridging-Header.h";
				SWIFT_OPTIMIZATION_LEVEL = "-Onone";
			};
			name = Debug;
		};
		1D91BE1C1BC95B7400D5FD79 /* Release */ = {
			isa = XCBuildConfiguration;
			buildSettings = {
				ASSETCATALOG_COMPILER_APPICON_NAME = AppIcon;
				CLANG_ENABLE_MODULES = YES;
				INFOPLIST_FILE = TestTimeViewAlignment/Info.plist;
				LD_RUNPATH_SEARCH_PATHS = "$(inherited) @executable_path/Frameworks";
				PRODUCT_BUNDLE_IDENTIFIER = Scipio.TimeViewDemo;
				PRODUCT_NAME = "$(TARGET_NAME)";
				SWIFT_OBJC_BRIDGING_HEADER = "TestTimeViewAlignment-Bridging-Header.h";
			};
			name = Release;
		};
/* End XCBuildConfiguration section */

/* Begin XCConfigurationList section */
		1D91BE031BC95B7300D5FD79 /* Build configuration list for PBXProject "TimeViewDemo" */ = {
			isa = XCConfigurationList;
			buildConfigurations = (
				1D91BE181BC95B7400D5FD79 /* Debug */,
				1D91BE191BC95B7400D5FD79 /* Release */,
			);
			defaultConfigurationIsVisible = 0;
			defaultConfigurationName = Release;
		};
		1D91BE1A1BC95B7400D5FD79 /* Build configuration list for PBXNativeTarget "TimeViewDemo" */ = {
			isa = XCConfigurationList;
			buildConfigurations = (
				1D91BE1B1BC95B7400D5FD79 /* Debug */,
				1D91BE1C1BC95B7400D5FD79 /* Release */,
			);
			defaultConfigurationIsVisible = 0;
			defaultConfigurationName = Release;
		};
/* End XCConfigurationList section */
	};
	rootObject = 1D91BE001BC95B7300D5FD79 /* Project object */;
}
